
Microsoft Visual Studio Solution File, Format Version 12.00
# Visual Studio 15
VisualStudioVersion = 15.0.28307.136
MinimumVisualStudioVersion = 10.0.40219.1
Project("{FAE04EC0-301F-11D3-BF4B-00C04F79EFBC}") = "FractionConsole", "FractionConsole\FractionConsole.csproj", "{BD028AD4-6098-499B-8058-F4D97247E286}"
EndProject
Project("{FAE04EC0-301F-11D3-BF4B-00C04F79EFBC}") = "Fraction", "Fraction\Fraction.csproj", "{8EF10784-9BC2-437C-8231-BA6F46E80DED}"
EndProject
Global
	GlobalSection(SolutionConfigurationPlatforms) = preSolution
		Debug|Any CPU = Debug|Any CPU
		Release|Any CPU = Release|Any CPU
	EndGlobalSection
	GlobalSection(ProjectConfigurationPlatforms) = postSolution
		{BD028AD4-6098-499B-8058-F4D97247E286}.Debug|Any CPU.ActiveCfg = Debug|Any CPU
		{BD028AD4-6098-499B-8058-F4D97247E286}.Debug|Any CPU.Build.0 = Debug|Any CPU
		{BD028AD4-6098-499B-8058-F4D97247E286}.Release|Any CPU.ActiveCfg = Release|Any CPU
		{BD028AD4-6098-499B-8058-F4D97247E286}.Release|Any CPU.Build.0 = Release|Any CPU
		{8EF10784-9BC2-437C-8231-BA6F46E80DED}.Debug|Any CPU.ActiveCfg = Debug|Any CPU
		{8EF10784-9BC2-437C-8231-BA6F46E80DED}.Debug|Any CPU.Build.0 = Debug|Any CPU
		{8EF10784-9BC2-437C-8231-BA6F46E80DED}.Release|Any CPU.ActiveCfg = Release|Any CPU
		{8EF10784-9BC2-437C-8231-BA6F46E80DED}.Release|Any CPU.Build.0 = Release|Any CPU
	EndGlobalSection
	GlobalSection(SolutionProperties) = preSolution
		HideSolutionNode = FALSE
	EndGlobalSection
	GlobalSection(ExtensibilityGlobals) = postSolution
		SolutionGuid = {FA2E5615-8322-487B-982A-BE83D0CFF7D6}
	EndGlobalSection
EndGlobal
